
Microsoft Visual Studio Solution File, Format Version 12.00
# Visual Studio 15
VisualStudioVersion = 15.0.26124.0
MinimumVisualStudioVersion = 15.0.26124.0
Project("{F2A71F9B-5D33-465A-A702-920D77279786}") = "shared", "shared\shared.fsproj", "{F73D942B-6600-4608-AB58-09C572C0AB0C}"
EndProject
Project("{F2A71F9B-5D33-465A-A702-920D77279786}") = "client", "client\client.fsproj", "{93FED54A-0904-40A2-97CA-2858BB452515}"
EndProject
Project("{F2A71F9B-5D33-465A-A702-920D77279786}") = "server", "server\server.fsproj", "{F19A60A4-7E89-4465-8634-280D4CFA91B9}"
EndProject
Global
	GlobalSection(SolutionConfigurationPlatforms) = preSolution
		Debug|Any CPU = Debug|Any CPU
		Debug|x64 = Debug|x64
		Debug|x86 = Debug|x86
		Release|Any CPU = Release|Any CPU
		Release|x64 = Release|x64
		Release|x86 = Release|x86
	EndGlobalSection
	GlobalSection(SolutionProperties) = preSolution
		HideSolutionNode = FALSE
	EndGlobalSection
	GlobalSection(ProjectConfigurationPlatforms) = postSolution
		{93FED54A-0904-40A2-97CA-2858BB452515}.Debug|Any CPU.ActiveCfg = Debug|Any CPU
		{93FED54A-0904-40A2-97CA-2858BB452515}.Debug|Any CPU.Build.0 = Debug|Any CPU
		{93FED54A-0904-40A2-97CA-2858BB452515}.Debug|x64.ActiveCfg = Debug|Any CPU
		{93FED54A-0904-40A2-97CA-2858BB452515}.Debug|x64.Build.0 = Debug|Any CPU
		{93FED54A-0904-40A2-97CA-2858BB452515}.Debug|x86.ActiveCfg = Debug|Any CPU
		{93FED54A-0904-40A2-97CA-2858BB452515}.Debug|x86.Build.0 = Debug|Any CPU
		{93FED54A-0904-40A2-97CA-2858BB452515}.Release|Any CPU.ActiveCfg = Release|Any CPU
		{93FED54A-0904-40A2-97CA-2858BB452515}.Release|Any CPU.Build.0 = Release|Any CPU
		{93FED54A-0904-40A2-97CA-2858BB452515}.Release|x64.ActiveCfg = Release|Any CPU
		{93FED54A-0904-40A2-97CA-2858BB452515}.Release|x64.Build.0 = Release|Any CPU
		{93FED54A-0904-40A2-97CA-2858BB452515}.Release|x86.ActiveCfg = Release|Any CPU
		{93FED54A-0904-40A2-97CA-2858BB452515}.Release|x86.Build.0 = Release|Any CPU
		{F19A60A4-7E89-4465-8634-280D4CFA91B9}.Debug|Any CPU.ActiveCfg = Debug|Any CPU
		{F19A60A4-7E89-4465-8634-280D4CFA91B9}.Debug|Any CPU.Build.0 = Debug|Any CPU
		{F19A60A4-7E89-4465-8634-280D4CFA91B9}.Debug|x64.ActiveCfg = Debug|Any CPU
		{F19A60A4-7E89-4465-8634-280D4CFA91B9}.Debug|x64.Build.0 = Debug|Any CPU
		{F19A60A4-7E89-4465-8634-280D4CFA91B9}.Debug|x86.ActiveCfg = Debug|Any CPU
		{F19A60A4-7E89-4465-8634-280D4CFA91B9}.Debug|x86.Build.0 = Debug|Any CPU
		{F19A60A4-7E89-4465-8634-280D4CFA91B9}.Release|Any CPU.ActiveCfg = Release|Any CPU
		{F19A60A4-7E89-4465-8634-280D4CFA91B9}.Release|Any CPU.Build.0 = Release|Any CPU
		{F19A60A4-7E89-4465-8634-280D4CFA91B9}.Release|x64.ActiveCfg = Release|Any CPU
		{F19A60A4-7E89-4465-8634-280D4CFA91B9}.Release|x64.Build.0 = Release|Any CPU
		{F19A60A4-7E89-4465-8634-280D4CFA91B9}.Release|x86.ActiveCfg = Release|Any CPU
		{F19A60A4-7E89-4465-8634-280D4CFA91B9}.Release|x86.Build.0 = Release|Any CPU
		{F73D942B-6600-4608-AB58-09C572C0AB0C}.Debug|Any CPU.ActiveCfg = Debug|Any CPU
		{F73D942B-6600-4608-AB58-09C572C0AB0C}.Debug|Any CPU.Build.0 = Debug|Any CPU
		{F73D942B-6600-4608-AB58-09C572C0AB0C}.Debug|x64.ActiveCfg = Debug|Any CPU
		{F73D942B-6600-4608-AB58-09C572C0AB0C}.Debug|x64.Build.0 = Debug|Any CPU
		{F73D942B-6600-4608-AB58-09C572C0AB0C}.Debug|x86.ActiveCfg = Debug|Any CPU
		{F73D942B-6600-4608-AB58-09C572C0AB0C}.Debug|x86.Build.0 = Debug|Any CPU
		{F73D942B-6600-4608-AB58-09C572C0AB0C}.Release|Any CPU.ActiveCfg = Release|Any CPU
		{F73D942B-6600-4608-AB58-09C572C0AB0C}.Release|Any CPU.Build.0 = Release|Any CPU
		{F73D942B-6600-4608-AB58-09C572C0AB0C}.Release|x64.ActiveCfg = Release|Any CPU
		{F73D942B-6600-4608-AB58-09C572C0AB0C}.Release|x64.Build.0 = Release|Any CPU
		{F73D942B-6600-4608-AB58-09C572C0AB0C}.Release|x86.ActiveCfg = Release|Any CPU
		{F73D942B-6600-4608-AB58-09C572C0AB0C}.Release|x86.Build.0 = Release|Any CPU
	EndGlobalSection
EndGlobal
